
Microsoft Visual Studio Solution File, Format Version 12.00
Project("{FAE04EC0-301F-11D3-BF4B-00C04F79EFBC}") = "Demo-Console", "Demo-Console.csproj", "{F8A694C3-49F2-4657-99F0-FA99ED548760}"
EndProject
Global
	GlobalSection(SolutionConfigurationPlatforms) = preSolution
		Debug|Any CPU = Debug|Any CPU
		Release|Any CPU = Release|Any CPU
	EndGlobalSection
	GlobalSection(ProjectConfigurationPlatforms) = postSolution
		{F8A694C3-49F2-4657-99F0-FA99ED548760}.Debug|Any CPU.ActiveCfg = Debug|Any CPU
		{F8A694C3-49F2-4657-99F0-FA99ED548760}.Debug|Any CPU.Build.0 = Debug|Any CPU
		{F8A694C3-49F2-4657-99F0-FA99ED548760}.Release|Any CPU.ActiveCfg = Release|Any CPU
		{F8A694C3-49F2-4657-99F0-FA99ED548760}.Release|Any CPU.Build.0 = Release|Any CPU
	EndGlobalSection
EndGlobal
